// !$*UTF8*$!
{
	archiveVersion = 1;
	classes = {
	};
	objectVersion = 46;
	objects = {

/* Begin PBXBuildFile section */
		21247F7A1C8F785B00C32DFB /* Locksmith.framework in Frameworks */ = {isa = PBXBuildFile; fileRef = 21247F791C8F785B00C32DFB /* Locksmith.framework */; };
		21437B151C90C249004AC526 /* SignInView.swift in Sources */ = {isa = PBXBuildFile; fileRef = 21437B141C90C249004AC526 /* SignInView.swift */; };
		21437B171C90C881004AC526 /* logo.png in Resources */ = {isa = PBXBuildFile; fileRef = 21437B161C90C881004AC526 /* logo.png */; };
		21437B191C90CFCB004AC526 /* Alamofire.framework in Frameworks */ = {isa = PBXBuildFile; fileRef = 21437B181C90CFCB004AC526 /* Alamofire.framework */; };
		21437B1B1C924145004AC526 /* MuninAccount.swift in Sources */ = {isa = PBXBuildFile; fileRef = 21437B1A1C924145004AC526 /* MuninAccount.swift */; };
		21437B1D1C92482A004AC526 /* MainViewController.swift in Sources */ = {isa = PBXBuildFile; fileRef = 21437B1C1C92482A004AC526 /* MainViewController.swift */; };
		219E3EB51C95765D00B5722B /* KeychainSwift.framework in Frameworks */ = {isa = PBXBuildFile; fileRef = 219E3EB41C95765D00B5722B /* KeychainSwift.framework */; };
		21A8BC101C8C334700AA4F89 /* MapView.swift in Sources */ = {isa = PBXBuildFile; fileRef = 21A8BC0F1C8C334700AA4F89 /* MapView.swift */; };
		21A8BC1E1C8C382F00AA4F89 /* map.png in Resources */ = {isa = PBXBuildFile; fileRef = 21A8BC1D1C8C382F00AA4F89 /* map.png */; };
		21A8BC201C8C3C9100AA4F89 /* MapKit.framework in Frameworks */ = {isa = PBXBuildFile; fileRef = 21A8BC1F1C8C3C9100AA4F89 /* MapKit.framework */; };
		21A8BC221C8C487400AA4F89 /* settings.png in Resources */ = {isa = PBXBuildFile; fileRef = 21A8BC211C8C487400AA4F89 /* settings.png */; };
		21D52D141C939CA900268AA2 /* XCGLogger.framework in Frameworks */ = {isa = PBXBuildFile; fileRef = 21D52D131C939CA900268AA2 /* XCGLogger.framework */; };
		21F1E9701C8BD0B600533DC7 /* AppDelegate.swift in Sources */ = {isa = PBXBuildFile; fileRef = 21F1E96F1C8BD0B600533DC7 /* AppDelegate.swift */; };
		21F1E9751C8BD0B600533DC7 /* Main.storyboard in Resources */ = {isa = PBXBuildFile; fileRef = 21F1E9731C8BD0B600533DC7 /* Main.storyboard */; };
		21F1E9771C8BD0B600533DC7 /* Assets.xcassets in Resources */ = {isa = PBXBuildFile; fileRef = 21F1E9761C8BD0B600533DC7 /* Assets.xcassets */; };
		21F1E97A1C8BD0B600533DC7 /* LaunchScreen.storyboard in Resources */ = {isa = PBXBuildFile; fileRef = 21F1E9781C8BD0B600533DC7 /* LaunchScreen.storyboard */; };
		21F1E9851C8BD0B600533DC7 /* MuninTests.swift in Sources */ = {isa = PBXBuildFile; fileRef = 21F1E9841C8BD0B600533DC7 /* MuninTests.swift */; };
		21F1E9901C8BD0B600533DC7 /* MuninUITests.swift in Sources */ = {isa = PBXBuildFile; fileRef = 21F1E98F1C8BD0B600533DC7 /* MuninUITests.swift */; };
/* End PBXBuildFile section */

/* Begin PBXContainerItemProxy section */
		21F1E9811C8BD0B600533DC7 /* PBXContainerItemProxy */ = {
			isa = PBXContainerItemProxy;
			containerPortal = 21F1E9641C8BD0B600533DC7 /* Project object */;
			proxyType = 1;
			remoteGlobalIDString = 21F1E96B1C8BD0B600533DC7;
			remoteInfo = Status;
		};
		21F1E98C1C8BD0B600533DC7 /* PBXContainerItemProxy */ = {
			isa = PBXContainerItemProxy;
			containerPortal = 21F1E9641C8BD0B600533DC7 /* Project object */;
			proxyType = 1;
			remoteGlobalIDString = 21F1E96B1C8BD0B600533DC7;
			remoteInfo = Status;
		};
/* End PBXContainerItemProxy section */

/* Begin PBXFileReference section */
		21247F791C8F785B00C32DFB /* Locksmith.framework */ = {isa = PBXFileReference; lastKnownFileType = wrapper.framework; name = Locksmith.framework; path = Carthage/Build/iOS/Locksmith.framework; sourceTree = "<group>"; };
		21437B141C90C249004AC526 /* SignInView.swift */ = {isa = PBXFileReference; fileEncoding = 4; lastKnownFileType = sourcecode.swift; path = SignInView.swift; sourceTree = "<group>"; };
		21437B161C90C881004AC526 /* logo.png */ = {isa = PBXFileReference; lastKnownFileType = image.png; path = logo.png; sourceTree = "<group>"; };
		21437B181C90CFCB004AC526 /* Alamofire.framework */ = {isa = PBXFileReference; lastKnownFileType = wrapper.framework; name = Alamofire.framework; path = Carthage/Build/iOS/Alamofire.framework; sourceTree = "<group>"; };
		21437B1A1C924145004AC526 /* MuninAccount.swift */ = {isa = PBXFileReference; fileEncoding = 4; lastKnownFileType = sourcecode.swift; path = MuninAccount.swift; sourceTree = "<group>"; };
		21437B1C1C92482A004AC526 /* MainViewController.swift */ = {isa = PBXFileReference; fileEncoding = 4; lastKnownFileType = sourcecode.swift; path = MainViewController.swift; sourceTree = "<group>"; };
		219E3EB21C95554800B5722B /* SwiftyUserDefaults.framework */ = {isa = PBXFileReference; lastKnownFileType = wrapper.framework; name = SwiftyUserDefaults.framework; path = Carthage/Build/iOS/SwiftyUserDefaults.framework; sourceTree = "<group>"; };
		219E3EB41C95765D00B5722B /* KeychainSwift.framework */ = {isa = PBXFileReference; lastKnownFileType = wrapper.framework; name = KeychainSwift.framework; path = Carthage/Build/iOS/KeychainSwift.framework; sourceTree = "<group>"; };
		21A8BC0F1C8C334700AA4F89 /* MapView.swift */ = {isa = PBXFileReference; fileEncoding = 4; lastKnownFileType = sourcecode.swift; path = MapView.swift; sourceTree = "<group>"; };
		21A8BC1D1C8C382F00AA4F89 /* map.png */ = {isa = PBXFileReference; lastKnownFileType = image.png; path = map.png; sourceTree = "<group>"; };
		21A8BC1F1C8C3C9100AA4F89 /* MapKit.framework */ = {isa = PBXFileReference; lastKnownFileType = wrapper.framework; name = MapKit.framework; path = System/Library/Frameworks/MapKit.framework; sourceTree = SDKROOT; };
		21A8BC211C8C487400AA4F89 /* settings.png */ = {isa = PBXFileReference; lastKnownFileType = image.png; path = settings.png; sourceTree = "<group>"; };
		21D52D131C939CA900268AA2 /* XCGLogger.framework */ = {isa = PBXFileReference; lastKnownFileType = wrapper.framework; name = XCGLogger.framework; path = Carthage/Build/iOS/XCGLogger.framework; sourceTree = "<group>"; };
		21F1E96C1C8BD0B600533DC7 /* Munin.app */ = {isa = PBXFileReference; explicitFileType = wrapper.application; includeInIndex = 0; path = Munin.app; sourceTree = BUILT_PRODUCTS_DIR; };
		21F1E96F1C8BD0B600533DC7 /* AppDelegate.swift */ = {isa = PBXFileReference; lastKnownFileType = sourcecode.swift; path = AppDelegate.swift; sourceTree = "<group>"; };
		21F1E9741C8BD0B600533DC7 /* Base */ = {isa = PBXFileReference; lastKnownFileType = file.storyboard; name = Base; path = Base.lproj/Main.storyboard; sourceTree = "<group>"; };
		21F1E9761C8BD0B600533DC7 /* Assets.xcassets */ = {isa = PBXFileReference; lastKnownFileType = folder.assetcatalog; path = Assets.xcassets; sourceTree = "<group>"; };
		21F1E9791C8BD0B600533DC7 /* Base */ = {isa = PBXFileReference; lastKnownFileType = file.storyboard; name = Base; path = Base.lproj/LaunchScreen.storyboard; sourceTree = "<group>"; };
		21F1E97B1C8BD0B600533DC7 /* Info.plist */ = {isa = PBXFileReference; lastKnownFileType = text.plist.xml; path = Info.plist; sourceTree = "<group>"; };
		21F1E9801C8BD0B600533DC7 /* Munin.xctest */ = {isa = PBXFileReference; explicitFileType = wrapper.cfbundle; includeInIndex = 0; path = Munin.xctest; sourceTree = BUILT_PRODUCTS_DIR; };
		21F1E9841C8BD0B600533DC7 /* MuninTests.swift */ = {isa = PBXFileReference; lastKnownFileType = sourcecode.swift; path = MuninTests.swift; sourceTree = "<group>"; };
		21F1E9861C8BD0B600533DC7 /* Info.plist */ = {isa = PBXFileReference; lastKnownFileType = text.plist.xml; path = Info.plist; sourceTree = "<group>"; };
		21F1E98B1C8BD0B600533DC7 /* Munin.xctest */ = {isa = PBXFileReference; explicitFileType = wrapper.cfbundle; includeInIndex = 0; path = Munin.xctest; sourceTree = BUILT_PRODUCTS_DIR; };
		21F1E98F1C8BD0B600533DC7 /* MuninUITests.swift */ = {isa = PBXFileReference; lastKnownFileType = sourcecode.swift; path = MuninUITests.swift; sourceTree = "<group>"; };
		21F1E9911C8BD0B600533DC7 /* Info.plist */ = {isa = PBXFileReference; lastKnownFileType = text.plist.xml; path = Info.plist; sourceTree = "<group>"; };
/* End PBXFileReference section */

/* Begin PBXFrameworksBuildPhase section */
		21F1E9691C8BD0B600533DC7 /* Frameworks */ = {
			isa = PBXFrameworksBuildPhase;
			buildActionMask = 2147483647;
			files = (
				21A8BC201C8C3C9100AA4F89 /* MapKit.framework in Frameworks */,
				21437B191C90CFCB004AC526 /* Alamofire.framework in Frameworks */,
				21247F7A1C8F785B00C32DFB /* Locksmith.framework in Frameworks */,
				21D52D141C939CA900268AA2 /* XCGLogger.framework in Frameworks */,
				219E3EB51C95765D00B5722B /* KeychainSwift.framework in Frameworks */,
			);
			runOnlyForDeploymentPostprocessing = 0;
		};
		21F1E97D1C8BD0B600533DC7 /* Frameworks */ = {
			isa = PBXFrameworksBuildPhase;
			buildActionMask = 2147483647;
			files = (
			);
			runOnlyForDeploymentPostprocessing = 0;
		};
		21F1E9881C8BD0B600533DC7 /* Frameworks */ = {
			isa = PBXFrameworksBuildPhase;
			buildActionMask = 2147483647;
			files = (
			);
			runOnlyForDeploymentPostprocessing = 0;
		};
/* End PBXFrameworksBuildPhase section */

/* Begin PBXGroup section */
		21F1E9631C8BD0B600533DC7 = {
			isa = PBXGroup;
			children = (
				219E3EB41C95765D00B5722B /* KeychainSwift.framework */,
				219E3EB21C95554800B5722B /* SwiftyUserDefaults.framework */,
				21D52D131C939CA900268AA2 /* XCGLogger.framework */,
				21437B181C90CFCB004AC526 /* Alamofire.framework */,
				21247F791C8F785B00C32DFB /* Locksmith.framework */,
				21A8BC1F1C8C3C9100AA4F89 /* MapKit.framework */,
				21F1E96E1C8BD0B600533DC7 /* Munin */,
				21F1E9831C8BD0B600533DC7 /* MuninTests */,
				21F1E98E1C8BD0B600533DC7 /* MuninUITests */,
				21F1E96D1C8BD0B600533DC7 /* Products */,
			);
			sourceTree = "<group>";
		};
		21F1E96D1C8BD0B600533DC7 /* Products */ = {
			isa = PBXGroup;
			children = (
				21F1E96C1C8BD0B600533DC7 /* Munin.app */,
				21F1E9801C8BD0B600533DC7 /* Munin.xctest */,
				21F1E98B1C8BD0B600533DC7 /* Munin.xctest */,
			);
			name = Products;
			sourceTree = "<group>";
		};
		21F1E96E1C8BD0B600533DC7 /* Munin */ = {
			isa = PBXGroup;
			children = (
				21F1E96F1C8BD0B600533DC7 /* AppDelegate.swift */,
				21A8BC1D1C8C382F00AA4F89 /* map.png */,
				21437B161C90C881004AC526 /* logo.png */,
				21A8BC211C8C487400AA4F89 /* settings.png */,
				21A8BC0F1C8C334700AA4F89 /* MapView.swift */,
				21F1E9731C8BD0B600533DC7 /* Main.storyboard */,
				21437B1C1C92482A004AC526 /* MainViewController.swift */,
				21437B141C90C249004AC526 /* SignInView.swift */,
				21437B1A1C924145004AC526 /* MuninAccount.swift */,
				21F1E9761C8BD0B600533DC7 /* Assets.xcassets */,
				21F1E9781C8BD0B600533DC7 /* LaunchScreen.storyboard */,
				21F1E97B1C8BD0B600533DC7 /* Info.plist */,
			);
			path = Munin;
			sourceTree = "<group>";
		};
		21F1E9831C8BD0B600533DC7 /* MuninTests */ = {
			isa = PBXGroup;
			children = (
				21F1E9841C8BD0B600533DC7 /* MuninTests.swift */,
				21F1E9861C8BD0B600533DC7 /* Info.plist */,
			);
			path = MuninTests;
			sourceTree = "<group>";
		};
		21F1E98E1C8BD0B600533DC7 /* MuninUITests */ = {
			isa = PBXGroup;
			children = (
				21F1E98F1C8BD0B600533DC7 /* MuninUITests.swift */,
				21F1E9911C8BD0B600533DC7 /* Info.plist */,
			);
			path = MuninUITests;
			sourceTree = "<group>";
		};
/* End PBXGroup section */

/* Begin PBXNativeTarget section */
		21F1E96B1C8BD0B600533DC7 /* Munin */ = {
			isa = PBXNativeTarget;
			buildConfigurationList = 21F1E9941C8BD0B600533DC7 /* Build configuration list for PBXNativeTarget "Munin" */;
			buildPhases = (
				21F1E9681C8BD0B600533DC7 /* Sources */,
				21F1E9691C8BD0B600533DC7 /* Frameworks */,
				21F1E96A1C8BD0B600533DC7 /* Resources */,
				21247F7B1C8F786200C32DFB /* ShellScript */,
			);
			buildRules = (
			);
			dependencies = (
			);
			name = Munin;
			productName = Status;
			productReference = 21F1E96C1C8BD0B600533DC7 /* Munin.app */;
			productType = "com.apple.product-type.application";
		};
		21F1E97F1C8BD0B600533DC7 /* MuninTests */ = {
			isa = PBXNativeTarget;
			buildConfigurationList = 21F1E9971C8BD0B600533DC7 /* Build configuration list for PBXNativeTarget "MuninTests" */;
			buildPhases = (
				21F1E97C1C8BD0B600533DC7 /* Sources */,
				21F1E97D1C8BD0B600533DC7 /* Frameworks */,
				21F1E97E1C8BD0B600533DC7 /* Resources */,
			);
			buildRules = (
			);
			dependencies = (
				21F1E9821C8BD0B600533DC7 /* PBXTargetDependency */,
			);
			name = MuninTests;
			productName = StatusTests;
			productReference = 21F1E9801C8BD0B600533DC7 /* Munin.xctest */;
			productType = "com.apple.product-type.bundle.unit-test";
		};
		21F1E98A1C8BD0B600533DC7 /* MuninUITests */ = {
			isa = PBXNativeTarget;
			buildConfigurationList = 21F1E99A1C8BD0B600533DC7 /* Build configuration list for PBXNativeTarget "MuninUITests" */;
			buildPhases = (
				21F1E9871C8BD0B600533DC7 /* Sources */,
				21F1E9881C8BD0B600533DC7 /* Frameworks */,
				21F1E9891C8BD0B600533DC7 /* Resources */,
			);
			buildRules = (
			);
			dependencies = (
				21F1E98D1C8BD0B600533DC7 /* PBXTargetDependency */,
			);
			name = MuninUITests;
			productName = StatusUITests;
			productReference = 21F1E98B1C8BD0B600533DC7 /* Munin.xctest */;
			productType = "com.apple.product-type.bundle.ui-testing";
		};
/* End PBXNativeTarget section */

/* Begin PBXProject section */
		21F1E9641C8BD0B600533DC7 /* Project object */ = {
			isa = PBXProject;
			attributes = {
				LastSwiftUpdateCheck = 0720;
				LastUpgradeCheck = 0720;
				ORGANIZATIONNAME = "Mihir Singh";
				TargetAttributes = {
					21F1E96B1C8BD0B600533DC7 = {
						CreatedOnToolsVersion = 7.2.1;
						DevelopmentTeam = SH52BQ2ZXA;
						SystemCapabilities = {
							com.apple.BackgroundModes = {
								enabled = 1;
							};
							com.apple.Maps.iOS = {
								enabled = 1;
							};
						};
					};
					21F1E97F1C8BD0B600533DC7 = {
						CreatedOnToolsVersion = 7.2.1;
						TestTargetID = 21F1E96B1C8BD0B600533DC7;
					};
					21F1E98A1C8BD0B600533DC7 = {
						CreatedOnToolsVersion = 7.2.1;
						TestTargetID = 21F1E96B1C8BD0B600533DC7;
					};
				};
			};
			buildConfigurationList = 21F1E9671C8BD0B600533DC7 /* Build configuration list for PBXProject "Munin" */;
			compatibilityVersion = "Xcode 3.2";
			developmentRegion = English;
			hasScannedForEncodings = 0;
			knownRegions = (
				en,
				Base,
			);
			mainGroup = 21F1E9631C8BD0B600533DC7;
			productRefGroup = 21F1E96D1C8BD0B600533DC7 /* Products */;
			projectDirPath = "";
			projectRoot = "";
			targets = (
				21F1E96B1C8BD0B600533DC7 /* Munin */,
				21F1E97F1C8BD0B600533DC7 /* MuninTests */,
				21F1E98A1C8BD0B600533DC7 /* MuninUITests */,
			);
		};
/* End PBXProject section */

/* Begin PBXResourcesBuildPhase section */
		21F1E96A1C8BD0B600533DC7 /* Resources */ = {
			isa = PBXResourcesBuildPhase;
			buildActionMask = 2147483647;
			files = (
				21A8BC1E1C8C382F00AA4F89 /* map.png in Resources */,
				21A8BC221C8C487400AA4F89 /* settings.png in Resources */,
				21437B171C90C881004AC526 /* logo.png in Resources */,
				21F1E97A1C8BD0B600533DC7 /* LaunchScreen.storyboard in Resources */,
				21F1E9771C8BD0B600533DC7 /* Assets.xcassets in Resources */,
				21F1E9751C8BD0B600533DC7 /* Main.storyboard in Resources */,
			);
			runOnlyForDeploymentPostprocessing = 0;
		};
		21F1E97E1C8BD0B600533DC7 /* Resources */ = {
			isa = PBXResourcesBuildPhase;
			buildActionMask = 2147483647;
			files = (
			);
			runOnlyForDeploymentPostprocessing = 0;
		};
		21F1E9891C8BD0B600533DC7 /* Resources */ = {
			isa = PBXResourcesBuildPhase;
			buildActionMask = 2147483647;
			files = (
			);
			runOnlyForDeploymentPostprocessing = 0;
		};
/* End PBXResourcesBuildPhase section */

/* Begin PBXShellScriptBuildPhase section */
		21247F7B1C8F786200C32DFB /* ShellScript */ = {
			isa = PBXShellScriptBuildPhase;
			buildActionMask = 2147483647;
			files = (
			);
			inputPaths = (
				"$(SRCROOT)/Carthage/Build/iOS/Locksmith.framework",
				"$(SRCROOT)/Carthage/Build/iOS/Alamofire.framework",
				"$(SRCROOT)/Carthage/Build/iOS/XCGLogger.framework",
				"$(SRCROOT)/Carthage/Build/iOS/KeychainSwift.framework",
			);
			outputPaths = (
			);
			runOnlyForDeploymentPostprocessing = 0;
			shellPath = /bin/sh;
			shellScript = "/usr/local/bin/carthage copy-frameworks";
		};
/* End PBXShellScriptBuildPhase section */

/* Begin PBXSourcesBuildPhase section */
		21F1E9681C8BD0B600533DC7 /* Sources */ = {
			isa = PBXSourcesBuildPhase;
			buildActionMask = 2147483647;
			files = (
				21437B151C90C249004AC526 /* SignInView.swift in Sources */,
				21A8BC101C8C334700AA4F89 /* MapView.swift in Sources */,
				21F1E9701C8BD0B600533DC7 /* AppDelegate.swift in Sources */,
				21437B1B1C924145004AC526 /* MuninAccount.swift in Sources */,
				21437B1D1C92482A004AC526 /* MainViewController.swift in Sources */,
			);
			runOnlyForDeploymentPostprocessing = 0;
		};
		21F1E97C1C8BD0B600533DC7 /* Sources */ = {
			isa = PBXSourcesBuildPhase;
			buildActionMask = 2147483647;
			files = (
				21F1E9851C8BD0B600533DC7 /* MuninTests.swift in Sources */,
			);
			runOnlyForDeploymentPostprocessing = 0;
		};
		21F1E9871C8BD0B600533DC7 /* Sources */ = {
			isa = PBXSourcesBuildPhase;
			buildActionMask = 2147483647;
			files = (
				21F1E9901C8BD0B600533DC7 /* MuninUITests.swift in Sources */,
			);
			runOnlyForDeploymentPostprocessing = 0;
		};
/* End PBXSourcesBuildPhase section */

/* Begin PBXTargetDependency section */
		21F1E9821C8BD0B600533DC7 /* PBXTargetDependency */ = {
			isa = PBXTargetDependency;
			target = 21F1E96B1C8BD0B600533DC7 /* Munin */;
			targetProxy = 21F1E9811C8BD0B600533DC7 /* PBXContainerItemProxy */;
		};
		21F1E98D1C8BD0B600533DC7 /* PBXTargetDependency */ = {
			isa = PBXTargetDependency;
			target = 21F1E96B1C8BD0B600533DC7 /* Munin */;
			targetProxy = 21F1E98C1C8BD0B600533DC7 /* PBXContainerItemProxy */;
		};
/* End PBXTargetDependency section */

/* Begin PBXVariantGroup section */
		21F1E9731C8BD0B600533DC7 /* Main.storyboard */ = {
			isa = PBXVariantGroup;
			children = (
				21F1E9741C8BD0B600533DC7 /* Base */,
			);
			name = Main.storyboard;
			sourceTree = "<group>";
		};
		21F1E9781C8BD0B600533DC7 /* LaunchScreen.storyboard */ = {
			isa = PBXVariantGroup;
			children = (
				21F1E9791C8BD0B600533DC7 /* Base */,
			);
			name = LaunchScreen.storyboard;
			sourceTree = "<group>";
		};
/* End PBXVariantGroup section */

/* Begin XCBuildConfiguration section */
		21F1E9921C8BD0B600533DC7 /* Debug */ = {
			isa = XCBuildConfiguration;
			buildSettings = {
				ALWAYS_SEARCH_USER_PATHS = NO;
				CLANG_CXX_LANGUAGE_STANDARD = "gnu++0x";
				CLANG_CXX_LIBRARY = "libc++";
				CLANG_ENABLE_MODULES = YES;
				CLANG_ENABLE_OBJC_ARC = YES;
				CLANG_WARN_BOOL_CONVERSION = YES;
				CLANG_WARN_CONSTANT_CONVERSION = YES;
				CLANG_WARN_DIRECT_OBJC_ISA_USAGE = YES_ERROR;
				CLANG_WARN_EMPTY_BODY = YES;
				CLANG_WARN_ENUM_CONVERSION = YES;
				CLANG_WARN_INT_CONVERSION = YES;
				CLANG_WARN_OBJC_ROOT_CLASS = YES_ERROR;
				CLANG_WARN_UNREACHABLE_CODE = YES;
				CLANG_WARN__DUPLICATE_METHOD_MATCH = YES;
				"CODE_SIGN_IDENTITY[sdk=iphoneos*]" = "iPhone Developer";
				COPY_PHASE_STRIP = NO;
				DEBUG_INFORMATION_FORMAT = dwarf;
				ENABLE_STRICT_OBJC_MSGSEND = YES;
				ENABLE_TESTABILITY = YES;
				GCC_C_LANGUAGE_STANDARD = gnu99;
				GCC_DYNAMIC_NO_PIC = NO;
				GCC_NO_COMMON_BLOCKS = YES;
				GCC_OPTIMIZATION_LEVEL = 0;
				GCC_PREPROCESSOR_DEFINITIONS = (
					"DEBUG=1",
					"$(inherited)",
				);
				GCC_WARN_64_TO_32_BIT_CONVERSION = YES;
				GCC_WARN_ABOUT_RETURN_TYPE = YES_ERROR;
				GCC_WARN_UNDECLARED_SELECTOR = YES;
				GCC_WARN_UNINITIALIZED_AUTOS = YES_AGGRESSIVE;
				GCC_WARN_UNUSED_FUNCTION = YES;
				GCC_WARN_UNUSED_VARIABLE = YES;
				IPHONEOS_DEPLOYMENT_TARGET = 9.2;
				MTL_ENABLE_DEBUG_INFO = YES;
				ONLY_ACTIVE_ARCH = YES;
				SDKROOT = iphoneos;
				SWIFT_OPTIMIZATION_LEVEL = "-Onone";
			};
			name = Debug;
		};
		21F1E9931C8BD0B600533DC7 /* Release */ = {
			isa = XCBuildConfiguration;
			buildSettings = {
				ALWAYS_SEARCH_USER_PATHS = NO;
				CLANG_CXX_LANGUAGE_STANDARD = "gnu++0x";
				CLANG_CXX_LIBRARY = "libc++";
				CLANG_ENABLE_MODULES = YES;
				CLANG_ENABLE_OBJC_ARC = YES;
				CLANG_WARN_BOOL_CONVERSION = YES;
				CLANG_WARN_CONSTANT_CONVERSION = YES;
				CLANG_WARN_DIRECT_OBJC_ISA_USAGE = YES_ERROR;
				CLANG_WARN_EMPTY_BODY = YES;
				CLANG_WARN_ENUM_CONVERSION = YES;
				CLANG_WARN_INT_CONVERSION = YES;
				CLANG_WARN_OBJC_ROOT_CLASS = YES_ERROR;
				CLANG_WARN_UNREACHABLE_CODE = YES;
				CLANG_WARN__DUPLICATE_METHOD_MATCH = YES;
				"CODE_SIGN_IDENTITY[sdk=iphoneos*]" = "iPhone Developer";
				COPY_PHASE_STRIP = NO;
				DEBUG_INFORMATION_FORMAT = "dwarf-with-dsym";
				ENABLE_NS_ASSERTIONS = NO;
				ENABLE_STRICT_OBJC_MSGSEND = YES;
				GCC_C_LANGUAGE_STANDARD = gnu99;
				GCC_NO_COMMON_BLOCKS = YES;
				GCC_WARN_64_TO_32_BIT_CONVERSION = YES;
				GCC_WARN_ABOUT_RETURN_TYPE = YES_ERROR;
				GCC_WARN_UNDECLARED_SELECTOR = YES;
				GCC_WARN_UNINITIALIZED_AUTOS = YES_AGGRESSIVE;
				GCC_WARN_UNUSED_FUNCTION = YES;
				GCC_WARN_UNUSED_VARIABLE = YES;
				IPHONEOS_DEPLOYMENT_TARGET = 9.2;
				MTL_ENABLE_DEBUG_INFO = NO;
				SDKROOT = iphoneos;
				VALIDATE_PRODUCT = YES;
			};
			name = Release;
		};
		21F1E9951C8BD0B600533DC7 /* Debug */ = {
			isa = XCBuildConfiguration;
			buildSettings = {
				ASSETCATALOG_COMPILER_APPICON_NAME = AppIcon;
				CODE_SIGN_IDENTITY = "iPhone Developer";
				"CODE_SIGN_IDENTITY[sdk=iphoneos*]" = "iPhone Developer";
				FRAMEWORK_SEARCH_PATHS = (
					"$(inherited)",
					"$(PROJECT_DIR)/Carthage/Build/iOS",
				);
				INFOPLIST_FILE = Munin/Info.plist;
				LD_RUNPATH_SEARCH_PATHS = "$(inherited) @executable_path/Frameworks";
				PRODUCT_BUNDLE_IDENTIFIER = com.muninapp.MuniniOS;
				PRODUCT_NAME = Munin;
				PROVISIONING_PROFILE = "";
				TARGETED_DEVICE_FAMILY = "1,2";
			};
			name = Debug;
		};
		21F1E9961C8BD0B600533DC7 /* Release */ = {
			isa = XCBuildConfiguration;
			buildSettings = {
				ASSETCATALOG_COMPILER_APPICON_NAME = AppIcon;
				CODE_SIGN_IDENTITY = "iPhone Developer";
				"CODE_SIGN_IDENTITY[sdk=iphoneos*]" = "iPhone Developer";
				FRAMEWORK_SEARCH_PATHS = (
					"$(inherited)",
					"$(PROJECT_DIR)/Carthage/Build/iOS",
				);
				INFOPLIST_FILE = Munin/Info.plist;
				LD_RUNPATH_SEARCH_PATHS = "$(inherited) @executable_path/Frameworks";
				PRODUCT_BUNDLE_IDENTIFIER = com.muninapp.MuniniOS;
				PRODUCT_NAME = Munin;
				PROVISIONING_PROFILE = "";
				TARGETED_DEVICE_FAMILY = "1,2";
			};
			name = Release;
		};
		21F1E9981C8BD0B600533DC7 /* Debug */ = {
			isa = XCBuildConfiguration;
			buildSettings = {
				BUNDLE_LOADER = "$(TEST_HOST)";
				INFOPLIST_FILE = StatusTests/Info.plist;
				LD_RUNPATH_SEARCH_PATHS = "$(inherited) @executable_path/Frameworks @loader_path/Frameworks";
				PRODUCT_BUNDLE_IDENTIFIER = io.citruspi.StatusTests;
				PRODUCT_NAME = Munin;
				TEST_HOST = "$(BUILT_PRODUCTS_DIR)/Munin.app/Munin";
			};
			name = Debug;
		};
		21F1E9991C8BD0B600533DC7 /* Release */ = {
			isa = XCBuildConfiguration;
			buildSettings = {
				BUNDLE_LOADER = "$(TEST_HOST)";
				INFOPLIST_FILE = StatusTests/Info.plist;
				LD_RUNPATH_SEARCH_PATHS = "$(inherited) @executable_path/Frameworks @loader_path/Frameworks";
				PRODUCT_BUNDLE_IDENTIFIER = io.citruspi.StatusTests;
				PRODUCT_NAME = Munin;
				TEST_HOST = "$(BUILT_PRODUCTS_DIR)/Munin.app/Munin";
			};
			name = Release;
		};
		21F1E99B1C8BD0B600533DC7 /* Debug */ = {
			isa = XCBuildConfiguration;
			buildSettings = {
				INFOPLIST_FILE = StatusUITests/Info.plist;
				LD_RUNPATH_SEARCH_PATHS = "$(inherited) @executable_path/Frameworks @loader_path/Frameworks";
				PRODUCT_BUNDLE_IDENTIFIER = io.citruspi.StatusUITests;
				PRODUCT_NAME = Munin;
				TEST_TARGET_NAME = Status;
				USES_XCTRUNNER = YES;
			};
			name = Debug;
		};
		21F1E99C1C8BD0B600533DC7 /* Release */ = {
			isa = XCBuildConfiguration;
			buildSettings = {
				INFOPLIST_FILE = StatusUITests/Info.plist;
				LD_RUNPATH_SEARCH_PATHS = "$(inherited) @executable_path/Frameworks @loader_path/Frameworks";
				PRODUCT_BUNDLE_IDENTIFIER = io.citruspi.StatusUITests;
				PRODUCT_NAME = Munin;
				TEST_TARGET_NAME = Status;
				USES_XCTRUNNER = YES;
			};
			name = Release;
		};
/* End XCBuildConfiguration section */

/* Begin XCConfigurationList section */
		21F1E9671C8BD0B600533DC7 /* Build configuration list for PBXProject "Munin" */ = {
			isa = XCConfigurationList;
			buildConfigurations = (
				21F1E9921C8BD0B600533DC7 /* Debug */,
				21F1E9931C8BD0B600533DC7 /* Release */,
			);
			defaultConfigurationIsVisible = 0;
			defaultConfigurationName = Release;
		};
		21F1E9941C8BD0B600533DC7 /* Build configuration list for PBXNativeTarget "Munin" */ = {
			isa = XCConfigurationList;
			buildConfigurations = (
				21F1E9951C8BD0B600533DC7 /* Debug */,
				21F1E9961C8BD0B600533DC7 /* Release */,
			);
			defaultConfigurationIsVisible = 0;
			defaultConfigurationName = Release;
		};
		21F1E9971C8BD0B600533DC7 /* Build configuration list for PBXNativeTarget "MuninTests" */ = {
			isa = XCConfigurationList;
			buildConfigurations = (
				21F1E9981C8BD0B600533DC7 /* Debug */,
				21F1E9991C8BD0B600533DC7 /* Release */,
			);
			defaultConfigurationIsVisible = 0;
			defaultConfigurationName = Release;
		};
		21F1E99A1C8BD0B600533DC7 /* Build configuration list for PBXNativeTarget "MuninUITests" */ = {
			isa = XCConfigurationList;
			buildConfigurations = (
				21F1E99B1C8BD0B600533DC7 /* Debug */,
				21F1E99C1C8BD0B600533DC7 /* Release */,
			);
			defaultConfigurationIsVisible = 0;
			defaultConfigurationName = Release;
		};
/* End XCConfigurationList section */
	};
	rootObject = 21F1E9641C8BD0B600533DC7 /* Project object */;
}
